# THIS IS AN AUTOGENERATED FILE. DO NOT EDIT THIS FILE DIRECTLY.
# yarn lockfile v1


"@test/bar@^1.0.1":
  version "1.0.1"
  resolved "http://localhost:3000/@test/bar/-/@test/bar-1.0.1/e4d1c1c00b4df0a108a2e188e6e207a61369bc1b.tgz#e4d1c1c00b4df0a108a2e188e6e207a61369bc1b"

"@test/foo@1.0.0":
  version "1.0.0"
  resolved "http://localhost:3000/@test/foo/-/@test/foo-1.0.0/526824fc35c90a1ce5d99889417e9bd1bc4b75ca.tgz#526824fc35c90a1ce5d99889417e9bd1bc4b75ca"
